lockfileVersion: '6.0'

settings:
  autoInstallPeers: true
  excludeLinksFromLockfile: false

devDependencies:
  sass-embedded:
    specifier: ^1.79.4
    version: 1.79.4

packages:

  /@bufbuild/protobuf@2.1.0:
    resolution: {integrity: sha512-+2Mx67Y3skJ4NCD/qNSdBJNWtu6x6Qr53jeNg+QcwiL6mt0wK+3jwHH2x1p7xaYH6Ve2JKOVn0OxU35WsmqI9A==}
    dev: true

  /buffer-builder@0.2.0:
    resolution: {integrity: sha512-7VPMEPuYznPSoR21NE1zvd2Xna6c/CloiZCfcMXR1Jny6PjX0N4Nsa38zcBFo/FMK+BlA+FLKbJCQ0i2yxp+Xg==}
    dev: true

  /colorjs.io@0.5.2:
    resolution: {integrity: sha512-twmVoizEW7ylZSN32OgKdXRmo1qg+wT5/6C3xu5b9QsWzSFAhHLn2xd8ro0diCsKfCj1RdaTP/nrcW+vAoQPIw==}
    dev: true

  /has-flag@4.0.0:
    resolution: {integrity: sha512-EykJT/Q1KjTWctppgIAgfSO0tKVuZUjhgMr17kqTumMl6Afv3EISleU7qZUzoXDFTAHTDC4NOoG/ZxU3EvlMPQ==}
    engines: {node: '>=8'}
    dev: true

  /immutable@4.3.7:
    resolution: {integrity: sha512-1hqclzwYwjRDFLjcFxOM5AYkkG0rpFPpr1RLPMEuGczoS7YA8gLhy8SWXYRAA/XwfEHpfo3cw5JGioS32fnMRw==}
    dev: true

  /rxjs@7.8.1:
    resolution: {integrity: sha512-AA3TVj+0A2iuIoQkWEK/tqFjBq2j+6PO6Y0zJcvzLAFhEFIO3HL0vls9hWLncZbAAbK0mar7oZ4V079I/qPMxg==}
    dependencies:
      tslib: 2.7.0
    dev: true

  /sass-embedded-android-arm64@1.79.4:
    resolution: {integrity: sha512-0JAZ8TtXYv9yI3Yasaq03xvo7DLJOmD+Exb30oJKxXcWTAV9TB0ZWKoIRsFxbCyPxyn7ouxkaCEXQtaTRKrmfw==}
    engines: {node: '>=14.0.0'}
    cpu: [arm64]
    os: [android]
    requiresBuild: true
    dev: true
    optional: true

  /sass-embedded-android-arm@1.79.4:
    resolution: {integrity: sha512-YOVpDGDcwWUQvktpJhYo4zOkknDpdX6ALpaeHDTX6GBUvnZfx+Widh76v+QFUhiJQ/I/hndXg1jv/PKilOHRrw==}
    engines: {node: '>=14.0.0'}
    cpu: [arm]
    os: [android]
    requiresBuild: true
    dev: true
    optional: true

  /sass-embedded-android-ia32@1.79.4:
    resolution: {integrity: sha512-IjO3RoyvNN84ZyfAR5s/a8TIdNPfClb7CLGrswB3BN/NElYIJUJMVHD6+Y8W9QwBIZ8DrK1IdLFSTV8nn82xMA==}
    engines: {node: '>=14.0.0'}
    cpu: [ia32]
    os: [android]
    requiresBuild: true
    dev: true
    optional: true

  /sass-embedded-android-riscv64@1.79.4:
    resolution: {integrity: sha512-uOT8nXmKxSwuIdcqvElVWBFcm/+YcIvmwfoKbpuuSOSxUe9eqFzxo+fk7ILhynzf6FBlvRUH5DcjGj+sXtCc3w==}
    engines: {node: '>=14.0.0'}
    cpu: [riscv64]
    os: [android]
    requiresBuild: true
    dev: true
    optional: true

  /sass-embedded-android-x64@1.79.4:
    resolution: {integrity: sha512-W2FQoj3Z2J2DirNs3xSBVvrhMuqLnsqvOPulxOkhL/074+faKOZZnPx2tZ5zsHbY97SonciiU0SV0mm98xI42w==}
    engines: {node: '>=14.0.0'}
    cpu: [x64]
    os: [android]
    requiresBuild: true
    dev: true
    optional: true

  /sass-embedded-darwin-arm64@1.79.4:
    resolution: {integrity: sha512-pcYtbN1VUAAcfgyHeX8ySndDWGjIvcq6rldduktPbGGuAlEWFDfnwjTbv0hS945ggdzZ6TFnaFlLEDr0SjKzBA==}
    engines: {node: '>=14.0.0'}
    cpu: [arm64]
    os: [darwin]
    requiresBuild: true
    dev: true
    optional: true

  /sass-embedded-darwin-x64@1.79.4:
    resolution: {integrity: sha512-ir8CFTfc4JLx/qCP8LK1/3pWv35nRyAQkUK7lBIKM6hWzztt64gcno9rZIk4SpHr7Z/Bp1IYWWRS4ZT+4HmsbA==}
    engines: {node: '>=14.0.0'}
    cpu: [x64]
    os: [darwin]
    requiresBuild: true
    dev: true
    optional: true

  /sass-embedded-linux-arm64@1.79.4:
    resolution: {integrity: sha512-XIVn2mCuA422SR2kmKjF6jhjMs1Vrt1DbZ/ktSp+eR0sU4ugu2htg45GajiUFSKKRj7Sc+cBdThq1zPPsDLf1w==}
    engines: {node: '>=14.0.0'}
    cpu: [arm64]
    os: [linux]
    requiresBuild: true
    dev: true
    optional: true

  /sass-embedded-linux-arm@1.79.4:
    resolution: {integrity: sha512-H/XEE3rY7c+tY0qDaELjPjC6VheAhBo1tPJQ6UHoBEf8xrbT/RT3dWiIS8grp9Vk54RCn05BEB/+POaljvvKGA==}
    engines: {node: '>=14.0.0'}
    cpu: [arm]
    os: [linux]
    requiresBuild: true
    dev: true
    optional: true

  /sass-embedded-linux-ia32@1.79.4:
    resolution: {integrity: sha512-3nqZxV4nuUTb1ahLexVl4hsnx1KKwiGdHEf1xHWTZai6fYFMcwyNPrHySCQzFHqb5xiqSpPzzrKjuDhF6+guuQ==}
    engines: {node: '>=14.0.0'}
    cpu: [ia32]
    os: [linux]
    requiresBuild: true
    dev: true
    optional: true

  /sass-embedded-linux-musl-arm64@1.79.4:
    resolution: {integrity: sha512-C6qX06waPEfDgOHR8jXoYxl0EtIXOyBDyyonrLO3StRjWjGx7XMQj2hA/KXSsV+Hr71fBOsaViosqWXPzTbEiQ==}
    engines: {node: '>=14.0.0'}
    cpu: [arm64]
    os: [linux]
    requiresBuild: true
    dev: true
    optional: true

  /sass-embedded-linux-musl-arm@1.79.4:
    resolution: {integrity: sha512-HnbU1DEiQdUayioNzxh2WlbTEgQRBPTgIIvof8J63QLmVItUqE7EkWYkSUy4RhO+8NsuN9wzGmGTzFBvTImU7g==}
    engines: {node: '>=14.0.0'}
    cpu: [arm]
    os: [linux]
    requiresBuild: true
    dev: true
    optional: true

  /sass-embedded-linux-musl-ia32@1.79.4:
    resolution: {integrity: sha512-y5b0fdOPWyhj4c+mc88GvQiC5onRH1V0iNaWNjsiZ+L4hHje6T98nDLrCJn0fz5GQnXjyLCLZduMWbfV0QjHGg==}
    engines: {node: '>=14.0.0'}
    cpu: [ia32]
    os: [linux]
    requiresBuild: true
    dev: true
    optional: true

  /sass-embedded-linux-musl-riscv64@1.79.4:
    resolution: {integrity: sha512-G2M5ADMV9SqnkwpM0S+UzDz7xR2njCOhofku/sDMZABzAjQQWTsAykKoGmzlT98fTw2HbNhb6u74umf2WLhCfw==}
    engines: {node: '>=14.0.0'}
    cpu: [riscv64]
    os: [linux]
    requiresBuild: true
    dev: true
    optional: true

  /sass-embedded-linux-musl-x64@1.79.4:
    resolution: {integrity: sha512-kQm8dCU3DXf7DtUGWYPiPs03KJYKvFeiZJHhSx993DCM8D2b0wCXWky0S0Z46gf1sEur0SN4Lvnt1WczTqxIBw==}
    engines: {node: '>=14.0.0'}
    cpu: [x64]
    os: [linux]
    requiresBuild: true
    dev: true
    optional: true

  /sass-embedded-linux-riscv64@1.79.4:
    resolution: {integrity: sha512-GaTI/mXYWYSzG5wxtM4H2cozLpATyh+4l+rO9FFKOL8e1sUOLAzTeRdU2nSBYCuRqsxRuTZIwCXhSz9Q3NRuNA==}
    engines: {node: '>=14.0.0'}
    cpu: [riscv64]
    os: [linux]
    requiresBuild: true
    dev: true
    optional: true

  /sass-embedded-linux-x64@1.79.4:
    resolution: {integrity: sha512-f9laGkqHgC01h99Qt4LsOV+OLMffjvUcTu14hYWqMS9QVX5a4ihMwpf1NoAtTUytb7cVF3rYY/NVGuXt6G3ppQ==}
    engines: {node: '>=14.0.0'}
    cpu: [x64]
    os: [linux]
    requiresBuild: true
    dev: true
    optional: true

  /sass-embedded-win32-arm64@1.79.4:
    resolution: {integrity: sha512-cidBvtaA2cJ6dNlwQEa8qak+ezypurzKs0h0QAHLH324+j/6Jum7LCnQhZRPYJBFjHl+WYd7KwzPnJ2X5USWnQ==}
    engines: {node: '>=14.0.0'}
    cpu: [arm64]
    os: [win32]
    requiresBuild: true
    dev: true
    optional: true

  /sass-embedded-win32-ia32@1.79.4:
    resolution: {integrity: sha512-hexdmNTIZGTKNTzlMcdvEXzYuxOJcY89zqgsf45aQ2YMy4y2M8dTOxRI/Vz7p4iRxVp1Jow6LCtaLHrNI2Ordg==}
    engines: {node: '>=14.0.0'}
    cpu: [ia32]
    os: [win32]
    requiresBuild: true
    dev: true
    optional: true

  /sass-embedded-win32-x64@1.79.4:
    resolution: {integrity: sha512-73yrpiWIbti6DkxhWURklkgSLYKfU9itDmvHxB+oYSb4vQveIApqTwSyTOuIUb/6Da/EsgEpdJ4Lbj4sLaMZWA==}
    engines: {node: '>=14.0.0'}
    cpu: [x64]
    os: [win32]
    requiresBuild: true
    dev: true
    optional: true

  /sass-embedded@1.79.4:
    resolution: {integrity: sha512-3AATrtStMgxYjkit02/Ix8vx/P7qderYG6DHjmehfk5jiw53OaWVScmcGJSwp/d77kAkxDQ+Y0r+79VynGmrkw==}
    engines: {node: '>=16.0.0'}
    hasBin: true
    dependencies:
      '@bufbuild/protobuf': 2.1.0
      buffer-builder: 0.2.0
      colorjs.io: 0.5.2
      immutable: 4.3.7
      rxjs: 7.8.1
      supports-color: 8.1.1
      varint: 6.0.0
    optionalDependencies:
      sass-embedded-android-arm: 1.79.4
      sass-embedded-android-arm64: 1.79.4
      sass-embedded-android-ia32: 1.79.4
      sass-embedded-android-riscv64: 1.79.4
      sass-embedded-android-x64: 1.79.4
      sass-embedded-darwin-arm64: 1.79.4
      sass-embedded-darwin-x64: 1.79.4
      sass-embedded-linux-arm: 1.79.4
      sass-embedded-linux-arm64: 1.79.4
      sass-embedded-linux-ia32: 1.79.4
      sass-embedded-linux-musl-arm: 1.79.4
      sass-embedded-linux-musl-arm64: 1.79.4
      sass-embedded-linux-musl-ia32: 1.79.4
      sass-embedded-linux-musl-riscv64: 1.79.4
      sass-embedded-linux-musl-x64: 1.79.4
      sass-embedded-linux-riscv64: 1.79.4
      sass-embedded-linux-x64: 1.79.4
      sass-embedded-win32-arm64: 1.79.4
      sass-embedded-win32-ia32: 1.79.4
      sass-embedded-win32-x64: 1.79.4
    dev: true

  /supports-color@8.1.1:
    resolution: {integrity: sha512-MpUEN2OodtUzxvKQl72cUF7RQ5EiHsGvSsVG0ia9c5RbWGL2CI4C7EpPS8UTBIplnlzZiNuV56w+FuNxy3ty2Q==}
    engines: {node: '>=10'}
    dependencies:
      has-flag: 4.0.0
    dev: true

  /tslib@2.7.0:
    resolution: {integrity: sha512-gLXCKdN1/j47AiHiOkJN69hJmcbGTHI0ImLmbYLHykhgeN0jVGola9yVjFgzCUklsZQMW55o+dW7IXv3RCXDzA==}
    dev: true

  /varint@6.0.0:
    resolution: {integrity: sha512-cXEIW6cfr15lFv563k4GuVuW/fiwjknytD37jIOLSdSWuOI6WnO/oKwmP2FQTU2l01LP8/M5TSAJpzUaGe3uWg==}
    dev: true
